// !$*UTF8*$!
{
	archiveVersion = 1;
	classes = {
	};
	objectVersion = 77;
	objects = {

/* Begin PBXBuildFile section */
		8F6ECA7F2EE09A7E00747ED1 /* Resolver in Frameworks */ = {isa = PBXBuildFile; productRef = 8F6ECA7E2EE09A7E00747ED1 /* Resolver */; };
		8F9618732EE316B6000434AD /* RealmSwift in Frameworks */ = {isa = PBXBuildFile; productRef = 8F9618722EE316B6000434AD /* RealmSwift */; };
		8F9618742EE316E0000434AD /* RealmSwift in Embed Frameworks */ = {isa = PBXBuildFile; productRef = 8F9618722EE316B6000434AD /* RealmSwift */; settings = {ATTRIBUTES = (CodeSignOnCopy, ); }; };
/* End PBXBuildFile section */

/* Begin PBXContainerItemProxy section */
		8F7FE6BD2EE061760097A525 /* PBXContainerItemProxy */ = {
			isa = PBXContainerItemProxy;
			containerPortal = 8F7FE69E2EE061740097A525 /* Project object */;
			proxyType = 1;
			remoteGlobalIDString = 8F7FE6A52EE061740097A525;
			remoteInfo = moviesSwift;
		};
		8F7FE6C72EE061760097A525 /* PBXContainerItemProxy */ = {
			isa = PBXContainerItemProxy;
			containerPortal = 8F7FE69E2EE061740097A525 /* Project object */;
			proxyType = 1;
			remoteGlobalIDString = 8F7FE6A52EE061740097A525;
			remoteInfo = moviesSwift;
		};
/* End PBXContainerItemProxy section */

/* Begin PBXCopyFilesBuildPhase section */
		8F9618752EE316E0000434AD /* Embed Frameworks */ = {
			isa = PBXCopyFilesBuildPhase;
			buildActionMask = 2147483647;
			dstPath = "";
			dstSubfolderSpec = 10;
			files = (
				8F9618742EE316E0000434AD /* RealmSwift in Embed Frameworks */,
			);
			name = "Embed Frameworks";
			runOnlyForDeploymentPostprocessing = 0;
		};
/* End PBXCopyFilesBuildPhase section */

/* Begin PBXFileReference section */
		8F7FE6A62EE061740097A525 /* moviesSwift.app */ = {isa = PBXFileReference; explicitFileType = wrapper.application; includeInIndex = 0; path = moviesSwift.app; sourceTree = BUILT_PRODUCTS_DIR; };
		8F7FE6BC2EE061760097A525 /* moviesSwiftTests.xctest */ = {isa = PBXFileReference; explicitFileType = wrapper.cfbundle; includeInIndex = 0; path = moviesSwiftTests.xctest; sourceTree = BUILT_PRODUCTS_DIR; };
		8F7FE6C62EE061760097A525 /* moviesSwiftUITests.xctest */ = {isa = PBXFileReference; explicitFileType = wrapper.cfbundle; includeInIndex = 0; path = moviesSwiftUITests.xctest; sourceTree = BUILT_PRODUCTS_DIR; };
/* End PBXFileReference section */

/* Begin PBXFileSystemSynchronizedBuildFileExceptionSet section */
		8F7FE6CE2EE061760097A525 /* Exceptions for "moviesSwift" folder in "moviesSwift" target */ = {
			isa = PBXFileSystemSynchronizedBuildFileExceptionSet;
			membershipExceptions = (
				Info.plist,
			);
			target = 8F7FE6A52EE061740097A525 /* moviesSwift */;
		};
/* End PBXFileSystemSynchronizedBuildFileExceptionSet section */

/* Begin PBXFileSystemSynchronizedRootGroup section */
		8F7FE6A82EE061740097A525 /* moviesSwift */ = {
			isa = PBXFileSystemSynchronizedRootGroup;
			exceptions = (
				8F7FE6CE2EE061760097A525 /* Exceptions for "moviesSwift" folder in "moviesSwift" target */,
			);
			path = moviesSwift;
			sourceTree = "<group>";
		};
		8F7FE6BF2EE061760097A525 /* moviesSwiftTests */ = {
			isa = PBXFileSystemSynchronizedRootGroup;
			path = moviesSwiftTests;
			sourceTree = "<group>";
		};
		8F7FE6C92EE061760097A525 /* moviesSwiftUITests */ = {
			isa = PBXFileSystemSynchronizedRootGroup;
			path = moviesSwiftUITests;
			sourceTree = "<group>";
		};
/* End PBXFileSystemSynchronizedRootGroup section */

/* Begin PBXFrameworksBuildPhase section */
		8F7FE6A32EE061740097A525 /* Frameworks */ = {
			isa = PBXFrameworksBuildPhase;
			buildActionMask = 2147483647;
			files = (
				8F9618732EE316B6000434AD /* RealmSwift in Frameworks */,
				8F6ECA7F2EE09A7E00747ED1 /* Resolver in Frameworks */,
			);
			runOnlyForDeploymentPostprocessing = 0;
		};
		8F7FE6B92EE061760097A525 /* Frameworks */ = {
			isa = PBXFrameworksBuildPhase;
			buildActionMask = 2147483647;
			files = (
			);
			runOnlyForDeploymentPostprocessing = 0;
		};
		8F7FE6C32EE061760097A525 /* Frameworks */ = {
			isa = PBXFrameworksBuildPhase;
			buildActionMask = 2147483647;
			files = (
			);
			runOnlyForDeploymentPostprocessing = 0;
		};
/* End PBXFrameworksBuildPhase section */

/* Begin PBXGroup section */
		8F7FE69D2EE061740097A525 = {
			isa = PBXGroup;
			children = (
				8F7FE6A82EE061740097A525 /* moviesSwift */,
				8F7FE6BF2EE061760097A525 /* moviesSwiftTests */,
				8F7FE6C92EE061760097A525 /* moviesSwiftUITests */,
				8F7FE6A72EE061740097A525 /* Products */,
			);
			sourceTree = "<group>";
		};
		8F7FE6A72EE061740097A525 /* Products */ = {
			isa = PBXGroup;
			children = (
				8F7FE6A62EE061740097A525 /* moviesSwift.app */,
				8F7FE6BC2EE061760097A525 /* moviesSwiftTests.xctest */,
				8F7FE6C62EE061760097A525 /* moviesSwiftUITests.xctest */,
			);
			name = Products;
			sourceTree = "<group>";
		};
/* End PBXGroup section */

/* Begin PBXNativeTarget section */
		8F7FE6A52EE061740097A525 /* moviesSwift */ = {
			isa = PBXNativeTarget;
			buildConfigurationList = 8F7FE6CF2EE061760097A525 /* Build configuration list for PBXNativeTarget "moviesSwift" */;
			buildPhases = (
				8F7FE6A22EE061740097A525 /* Sources */,
				8F7FE6A32EE061740097A525 /* Frameworks */,
				8F7FE6A42EE061740097A525 /* Resources */,
				8F9618752EE316E0000434AD /* Embed Frameworks */,
			);
			buildRules = (
			);
			dependencies = (
			);
			fileSystemSynchronizedGroups = (
				8F7FE6A82EE061740097A525 /* moviesSwift */,
			);
			name = moviesSwift;
			packageProductDependencies = (
				8F6ECA7E2EE09A7E00747ED1 /* Resolver */,
				8F9618722EE316B6000434AD /* RealmSwift */,
			);
			productName = moviesSwift;
			productReference = 8F7FE6A62EE061740097A525 /* moviesSwift.app */;
			productType = "com.apple.product-type.application";
		};
		8F7FE6BB2EE061760097A525 /* moviesSwiftTests */ = {
			isa = PBXNativeTarget;
			buildConfigurationList = 8F7FE6D42EE061760097A525 /* Build configuration list for PBXNativeTarget "moviesSwiftTests" */;
			buildPhases = (
				8F7FE6B82EE061760097A525 /* Sources */,
				8F7FE6B92EE061760097A525 /* Frameworks */,
				8F7FE6BA2EE061760097A525 /* Resources */,
			);
			buildRules = (
			);
			dependencies = (
				8F7FE6BE2EE061760097A525 /* PBXTargetDependency */,
			);
			fileSystemSynchronizedGroups = (
				8F7FE6BF2EE061760097A525 /* moviesSwiftTests */,
			);
			name = moviesSwiftTests;
			packageProductDependencies = (
			);
			productName = moviesSwiftTests;
			productReference = 8F7FE6BC2EE061760097A525 /* moviesSwiftTests.xctest */;
			productType = "com.apple.product-type.bundle.unit-test";
		};
		8F7FE6C52EE061760097A525 /* moviesSwiftUITests */ = {
			isa = PBXNativeTarget;
			buildConfigurationList = 8F7FE6D72EE061760097A525 /* Build configuration list for PBXNativeTarget "moviesSwiftUITests" */;
			buildPhases = (
				8F7FE6C22EE061760097A525 /* Sources */,
				8F7FE6C32EE061760097A525 /* Frameworks */,
				8F7FE6C42EE061760097A525 /* Resources */,
			);
			buildRules = (
			);
			dependencies = (
				8F7FE6C82EE061760097A525 /* PBXTargetDependency */,
			);
			fileSystemSynchronizedGroups = (
				8F7FE6C92EE061760097A525 /* moviesSwiftUITests */,
			);
			name = moviesSwiftUITests;
			packageProductDependencies = (
			);
			productName = moviesSwiftUITests;
			productReference = 8F7FE6C62EE061760097A525 /* moviesSwiftUITests.xctest */;
			productType = "com.apple.product-type.bundle.ui-testing";
		};
/* End PBXNativeTarget section */

/* Begin PBXProject section */
		8F7FE69E2EE061740097A525 /* Project object */ = {
			isa = PBXProject;
			attributes = {
				BuildIndependentTargetsInParallel = 1;
				LastSwiftUpdateCheck = 1620;
				LastUpgradeCheck = 1620;
				TargetAttributes = {
					8F7FE6A52EE061740097A525 = {
						CreatedOnToolsVersion = 16.2;
					};
					8F7FE6BB2EE061760097A525 = {
						CreatedOnToolsVersion = 16.2;
						TestTargetID = 8F7FE6A52EE061740097A525;
					};
					8F7FE6C52EE061760097A525 = {
						CreatedOnToolsVersion = 16.2;
						TestTargetID = 8F7FE6A52EE061740097A525;
					};
				};
			};
			buildConfigurationList = 8F7FE6A12EE061740097A525 /* Build configuration list for PBXProject "moviesSwift" */;
			developmentRegion = en;
			hasScannedForEncodings = 0;
			knownRegions = (
				en,
				Base,
			);
			mainGroup = 8F7FE69D2EE061740097A525;
			minimizedProjectReferenceProxies = 1;
			packageReferences = (
				8F6ECA7D2EE09A7E00747ED1 /* XCRemoteSwiftPackageReference "Resolver" */,
				8F9618712EE316B6000434AD /* XCRemoteSwiftPackageReference "realm-swift" */,
			);
			preferredProjectObjectVersion = 77;
			productRefGroup = 8F7FE6A72EE061740097A525 /* Products */;
			projectDirPath = "";
			projectRoot = "";
			targets = (
				8F7FE6A52EE061740097A525 /* moviesSwift */,
				8F7FE6BB2EE061760097A525 /* moviesSwiftTests */,
				8F7FE6C52EE061760097A525 /* moviesSwiftUITests */,
			);
		};
/* End PBXProject section */

/* Begin PBXResourcesBuildPhase section */
		8F7FE6A42EE061740097A525 /* Resources */ = {
			isa = PBXResourcesBuildPhase;
			buildActionMask = 2147483647;
			files = (
			);
			runOnlyForDeploymentPostprocessing = 0;
		};
		8F7FE6BA2EE061760097A525 /* Resources */ = {
			isa = PBXResourcesBuildPhase;
			buildActionMask = 2147483647;
			files = (
			);
			runOnlyForDeploymentPostprocessing = 0;
		};
		8F7FE6C42EE061760097A525 /* Resources */ = {
			isa = PBXResourcesBuildPhase;
			buildActionMask = 2147483647;
			files = (
			);
			runOnlyForDeploymentPostprocessing = 0;
		};
/* End PBXResourcesBuildPhase section */

/* Begin PBXSourcesBuildPhase section */
		8F7FE6A22EE061740097A525 /* Sources */ = {
			isa = PBXSourcesBuildPhase;
			buildActionMask = 2147483647;
			files = (
			);
			runOnlyForDeploymentPostprocessing = 0;
		};
		8F7FE6B82EE061760097A525 /* Sources */ = {
			isa = PBXSourcesBuildPhase;
			buildActionMask = 2147483647;
			files = (
			);
			runOnlyForDeploymentPostprocessing = 0;
		};
		8F7FE6C22EE061760097A525 /* Sources */ = {
			isa = PBXSourcesBuildPhase;
			buildActionMask = 2147483647;
			files = (
			);
			runOnlyForDeploymentPostprocessing = 0;
		};
/* End PBXSourcesBuildPhase section */

/* Begin PBXTargetDependency section */
		8F7FE6BE2EE061760097A525 /* PBXTargetDependency */ = {
			isa = PBXTargetDependency;
			target = 8F7FE6A52EE061740097A525 /* moviesSwift */;
			targetProxy = 8F7FE6BD2EE061760097A525 /* PBXContainerItemProxy */;
		};
		8F7FE6C82EE061760097A525 /* PBXTargetDependency */ = {
			isa = PBXTargetDependency;
			target = 8F7FE6A52EE061740097A525 /* moviesSwift */;
			targetProxy = 8F7FE6C72EE061760097A525 /* PBXContainerItemProxy */;
		};
/* End PBXTargetDependency section */

/* Begin XCBuildConfiguration section */
		8F7FE6D02EE061760097A525 /* Debug */ = {
			isa = XCBuildConfiguration;
			buildSettings = {
				ASSETCATALOG_COMPILER_APPICON_NAME = AppIcon;
				ASSETCATALOG_COMPILER_GLOBAL_ACCENT_COLOR_NAME = AccentColor;
				"CODE_SIGN_IDENTITY[sdk=iphoneos*]" = "iPhone Developer";
				CODE_SIGN_STYLE = Manual;
				CURRENT_PROJECT_VERSION = 1;
				DEVELOPMENT_TEAM = "";
				"DEVELOPMENT_TEAM[sdk=iphoneos*]" = 7QHW327AG3;
				GENERATE_INFOPLIST_FILE = YES;
				INFOPLIST_FILE = moviesSwift/Info.plist;
				INFOPLIST_KEY_UIApplicationSupportsIndirectInputEvents = YES;
				INFOPLIST_KEY_UILaunchStoryboardName = LaunchScreen;
				INFOPLIST_KEY_UIMainStoryboardFile = Main;
				INFOPLIST_KEY_UISupportedInterfaceOrientations = UIInterfaceOrientationPortrait;
				INFOPLIST_KEY_UISupportedInterfaceOrientations_iPad = "UIInterfaceOrientationLandscapeLeft UIInterfaceOrientationLandscapeRight UIInterfaceOrientationPortrait UIInterfaceOrientationPortraitUpsideDown";
				LD_RUNPATH_SEARCH_PATHS = (
					"$(inherited)",
					"@executable_path/Frameworks",
				);
				MARKETING_VERSION = 1.0;
				PRODUCT_BUNDLE_IDENTIFIER = org.moviedemo.app.moviesSwift;
				PRODUCT_NAME = "$(TARGET_NAME)";
				PROVISIONING_PROFILE_SPECIFIER = "";
				"PROVISIONING_PROFILE_SPECIFIER[sdk=iphoneos*]" = WildCard7;
				SUPPORTED_PLATFORMS = "iphoneos iphonesimulator";
				SUPPORTS_MACCATALYST = NO;
				SUPPORTS_MAC_DESIGNED_FOR_IPHONE_IPAD = NO;
				SUPPORTS_XR_DESIGNED_FOR_IPHONE_IPAD = NO;
				SWIFT_EMIT_LOC_STRINGS = YES;
				SWIFT_VERSION = 5.0;
				TARGETED_DEVICE_FAMILY = 1;
			};
			name = Debug;
		};
		8F7FE6D12EE061760097A525 /* Release */ = {
			isa = XCBuildConfiguration;
			buildSettings = {
				ASSETCATALOG_COMPILER_APPICON_NAME = AppIcon;
				ASSETCATALOG_COMPILER_GLOBAL_ACCENT_COLOR_NAME = AccentColor;
				"CODE_SIGN_IDENTITY[sdk=iphoneos*]" = "iPhone Developer";
				CODE_SIGN_STYLE = Manual;
				CURRENT_PROJECT_VERSION = 1;
				DEVELOPMENT_TEAM = "";
				"DEVELOPMENT_TEAM[sdk=iphoneos*]" = 7QHW327AG3;
				GENERATE_INFOPLIST_FILE = YES;
				INFOPLIST_FILE = moviesSwift/Info.plist;
				INFOPLIST_KEY_UIApplicationSupportsIndirectInputEvents = YES;
				INFOPLIST_KEY_UILaunchStoryboardName = LaunchScreen;
				INFOPLIST_KEY_UIMainStoryboardFile = Main;
				INFOPLIST_KEY_UISupportedInterfaceOrientations = UIInterfaceOrientationPortrait;
				INFOPLIST_KEY_UISupportedInterfaceOrientations_iPad = "UIInterfaceOrientationLandscapeLeft UIInterfaceOrientationLandscapeRight UIInterfaceOrientationPortrait UIInterfaceOrientationPortraitUpsideDown";
				LD_RUNPATH_SEARCH_PATHS = (
					"$(inherited)",
					"@executable_path/Frameworks",
				);
				MARKETING_VERSION = 1.0;
				PRODUCT_BUNDLE_IDENTIFIER = org.moviedemo.app.moviesSwift;
				PRODUCT_NAME = "$(TARGET_NAME)";
				PROVISIONING_PROFILE_SPECIFIER = "";
				"PROVISIONING_PROFILE_SPECIFIER[sdk=iphoneos*]" = WildCard7;
				SUPPORTED_PLATFORMS = "iphoneos iphonesimulator";
				SUPPORTS_MACCATALYST = NO;
				SUPPORTS_MAC_DESIGNED_FOR_IPHONE_IPAD = NO;
				SUPPORTS_XR_DESIGNED_FOR_IPHONE_IPAD = NO;
				SWIFT_EMIT_LOC_STRINGS = YES;
				SWIFT_VERSION = 5.0;
				TARGETED_DEVICE_FAMILY = 1;
			};
			name = Release;
		};
		8F7FE6D22EE061760097A525 /* Debug */ = {
			isa = XCBuildConfiguration;
			buildSettings = {
				ALWAYS_SEARCH_USER_PATHS = NO;
				ASSETCATALOG_COMPILER_GENERATE_SWIFT_ASSET_SYMBOL_EXTENSIONS = YES;
				CLANG_ANALYZER_NONNULL = YES;
				CLANG_ANALYZER_NUMBER_OBJECT_CONVERSION = YES_AGGRESSIVE;
				CLANG_CXX_LANGUAGE_STANDARD = "gnu++20";
				CLANG_ENABLE_MODULES = YES;
				CLANG_ENABLE_OBJC_ARC = YES;
				CLANG_ENABLE_OBJC_WEAK = YES;
				CLANG_WARN_BLOCK_CAPTURE_AUTORELEASING = YES;
				CLANG_WARN_BOOL_CONVERSION = YES;
				CLANG_WARN_COMMA = YES;
				CLANG_WARN_CONSTANT_CONVERSION = YES;
				CLANG_WARN_DEPRECATED_OBJC_IMPLEMENTATIONS = YES;
				CLANG_WARN_DIRECT_OBJC_ISA_USAGE = YES_ERROR;
				CLANG_WARN_DOCUMENTATION_COMMENTS = YES;
				CLANG_WARN_EMPTY_BODY = YES;
				CLANG_WARN_ENUM_CONVERSION = YES;
				CLANG_WARN_INFINITE_RECURSION = YES;
				CLANG_WARN_INT_CONVERSION = YES;
				CLANG_WARN_NON_LITERAL_NULL_CONVERSION = YES;
				CLANG_WARN_OBJC_IMPLICIT_RETAIN_SELF = YES;
				CLANG_WARN_OBJC_LITERAL_CONVERSION = YES;
				CLANG_WARN_OBJC_ROOT_CLASS = YES_ERROR;
				CLANG_WARN_QUOTED_INCLUDE_IN_FRAMEWORK_HEADER = YES;
				CLANG_WARN_RANGE_LOOP_ANALYSIS = YES;
				CLANG_WARN_STRICT_PROTOTYPES = YES;
				CLANG_WARN_SUSPICIOUS_MOVE = YES;
				CLANG_WARN_UNGUARDED_AVAILABILITY = YES_AGGRESSIVE;
				CLANG_WARN_UNREACHABLE_CODE = YES;
				CLANG_WARN__DUPLICATE_METHOD_MATCH = YES;
				COPY_PHASE_STRIP = NO;
				DEBUG_INFORMATION_FORMAT = dwarf;
				ENABLE_STRICT_OBJC_MSGSEND = YES;
				ENABLE_TESTABILITY = YES;
				ENABLE_USER_SCRIPT_SANDBOXING = YES;
				GCC_C_LANGUAGE_STANDARD = gnu17;
				GCC_DYNAMIC_NO_PIC = NO;
				GCC_NO_COMMON_BLOCKS = YES;
				GCC_OPTIMIZATION_LEVEL = 0;
				GCC_PREPROCESSOR_DEFINITIONS = (
					"DEBUG=1",
					"$(inherited)",
				);
				GCC_WARN_64_TO_32_BIT_CONVERSION = YES;
				GCC_WARN_ABOUT_RETURN_TYPE = YES_ERROR;
				GCC_WARN_UNDECLARED_SELECTOR = YES;
				GCC_WARN_UNINITIALIZED_AUTOS = YES_AGGRESSIVE;
				GCC_WARN_UNUSED_FUNCTION = YES;
				GCC_WARN_UNUSED_VARIABLE = YES;
				IPHONEOS_DEPLOYMENT_TARGET = 18.2;
				LOCALIZATION_PREFERS_STRING_CATALOGS = YES;
				MTL_ENABLE_DEBUG_INFO = INCLUDE_SOURCE;
				MTL_FAST_MATH = YES;
				ONLY_ACTIVE_ARCH = YES;
				SDKROOT = iphoneos;
				SWIFT_ACTIVE_COMPILATION_CONDITIONS = "DEBUG $(inherited)";
				SWIFT_OPTIMIZATION_LEVEL = "-Onone";
			};
			name = Debug;
		};
		8F7FE6D32EE061760097A525 /* Release */ = {
			isa = XCBuildConfiguration;
			buildSettings = {
				ALWAYS_SEARCH_USER_PATHS = NO;
				ASSETCATALOG_COMPILER_GENERATE_SWIFT_ASSET_SYMBOL_EXTENSIONS = YES;
				CLANG_ANALYZER_NONNULL = YES;
				CLANG_ANALYZER_NUMBER_OBJECT_CONVERSION = YES_AGGRESSIVE;
				CLANG_CXX_LANGUAGE_STANDARD = "gnu++20";
				CLANG_ENABLE_MODULES = YES;
				CLANG_ENABLE_OBJC_ARC = YES;
				CLANG_ENABLE_OBJC_WEAK = YES;
				CLANG_WARN_BLOCK_CAPTURE_AUTORELEASING = YES;
				CLANG_WARN_BOOL_CONVERSION = YES;
				CLANG_WARN_COMMA = YES;
				CLANG_WARN_CONSTANT_CONVERSION = YES;
				CLANG_WARN_DEPRECATED_OBJC_IMPLEMENTATIONS = YES;
				CLANG_WARN_DIRECT_OBJC_ISA_USAGE = YES_ERROR;
				CLANG_WARN_DOCUMENTATION_COMMENTS = YES;
				CLANG_WARN_EMPTY_BODY = YES;
				CLANG_WARN_ENUM_CONVERSION = YES;
				CLANG_WARN_INFINITE_RECURSION = YES;
				CLANG_WARN_INT_CONVERSION = YES;
				CLANG_WARN_NON_LITERAL_NULL_CONVERSION = YES;
				CLANG_WARN_OBJC_IMPLICIT_RETAIN_SELF = YES;
				CLANG_WARN_OBJC_LITERAL_CONVERSION = YES;
				CLANG_WARN_OBJC_ROOT_CLASS = YES_ERROR;
				CLANG_WARN_QUOTED_INCLUDE_IN_FRAMEWORK_HEADER = YES;
				CLANG_WARN_RANGE_LOOP_ANALYSIS = YES;
				CLANG_WARN_STRICT_PROTOTYPES = YES;
				CLANG_WARN_SUSPICIOUS_MOVE = YES;
				CLANG_WARN_UNGUARDED_AVAILABILITY = YES_AGGRESSIVE;
				CLANG_WARN_UNREACHABLE_CODE = YES;
				CLANG_WARN__DUPLICATE_METHOD_MATCH = YES;
				COPY_PHASE_STRIP = NO;
				DEBUG_INFORMATION_FORMAT = "dwarf-with-dsym";
				ENABLE_NS_ASSERTIONS = NO;
				ENABLE_STRICT_OBJC_MSGSEND = YES;
				ENABLE_USER_SCRIPT_SANDBOXING = YES;
				GCC_C_LANGUAGE_STANDARD = gnu17;
				GCC_NO_COMMON_BLOCKS = YES;
				GCC_WARN_64_TO_32_BIT_CONVERSION = YES;
				GCC_WARN_ABOUT_RETURN_TYPE = YES_ERROR;
				GCC_WARN_UNDECLARED_SELECTOR = YES;
				GCC_WARN_UNINITIALIZED_AUTOS = YES_AGGRESSIVE;
				GCC_WARN_UNUSED_FUNCTION = YES;
				GCC_WARN_UNUSED_VARIABLE = YES;
				IPHONEOS_DEPLOYMENT_TARGET = 18.2;
				LOCALIZATION_PREFERS_STRING_CATALOGS = YES;
				MTL_ENABLE_DEBUG_INFO = NO;
				MTL_FAST_MATH = YES;
				SDKROOT = iphoneos;
				SWIFT_COMPILATION_MODE = wholemodule;
				VALIDATE_PRODUCT = YES;
			};
			name = Release;
		};
		8F7FE6D52EE061760097A525 /* Debug */ = {
			isa = XCBuildConfiguration;
			buildSettings = {
				BUNDLE_LOADER = "$(TEST_HOST)";
				CODE_SIGN_STYLE = Automatic;
				CURRENT_PROJECT_VERSION = 1;
				DEVELOPMENT_TEAM = 7QHW327AG3;
				GENERATE_INFOPLIST_FILE = YES;
				IPHONEOS_DEPLOYMENT_TARGET = 18.2;
				MARKETING_VERSION = 1.0;
				PRODUCT_BUNDLE_IDENTIFIER = org.moviedemo.app.moviesSwiftTests;
				PRODUCT_NAME = "$(TARGET_NAME)";
				SWIFT_EMIT_LOC_STRINGS = NO;
				SWIFT_VERSION = 5.0;
				TARGETED_DEVICE_FAMILY = "1,2";
				TEST_HOST = "$(BUILT_PRODUCTS_DIR)/moviesSwift.app/$(BUNDLE_EXECUTABLE_FOLDER_PATH)/moviesSwift";
			};
			name = Debug;
		};
		8F7FE6D62EE061760097A525 /* Release */ = {
			isa = XCBuildConfiguration;
			buildSettings = {
				BUNDLE_LOADER = "$(TEST_HOST)";
				CODE_SIGN_STYLE = Automatic;
				CURRENT_PROJECT_VERSION = 1;
				DEVELOPMENT_TEAM = 7QHW327AG3;
				GENERATE_INFOPLIST_FILE = YES;
				IPHONEOS_DEPLOYMENT_TARGET = 18.2;
				MARKETING_VERSION = 1.0;
				PRODUCT_BUNDLE_IDENTIFIER = org.moviedemo.app.moviesSwiftTests;
				PRODUCT_NAME = "$(TARGET_NAME)";
				SWIFT_EMIT_LOC_STRINGS = NO;
				SWIFT_VERSION = 5.0;
				TARGETED_DEVICE_FAMILY = "1,2";
				TEST_HOST = "$(BUILT_PRODUCTS_DIR)/moviesSwift.app/$(BUNDLE_EXECUTABLE_FOLDER_PATH)/moviesSwift";
			};
			name = Release;
		};
		8F7FE6D82EE061760097A525 /* Debug */ = {
			isa = XCBuildConfiguration;
			buildSettings = {
				CODE_SIGN_STYLE = Automatic;
				CURRENT_PROJECT_VERSION = 1;
				DEVELOPMENT_TEAM = 7QHW327AG3;
				GENERATE_INFOPLIST_FILE = YES;
				MARKETING_VERSION = 1.0;
				PRODUCT_BUNDLE_IDENTIFIER = org.moviedemo.app.moviesSwiftUITests;
				PRODUCT_NAME = "$(TARGET_NAME)";
				SWIFT_EMIT_LOC_STRINGS = NO;
				SWIFT_VERSION = 5.0;
				TARGETED_DEVICE_FAMILY = "1,2";
				TEST_TARGET_NAME = moviesSwift;
			};
			name = Debug;
		};
		8F7FE6D92EE061760097A525 /* Release */ = {
			isa = XCBuildConfiguration;
			buildSettings = {
				CODE_SIGN_STYLE = Automatic;
				CURRENT_PROJECT_VERSION = 1;
				DEVELOPMENT_TEAM = 7QHW327AG3;
				GENERATE_INFOPLIST_FILE = YES;
				MARKETING_VERSION = 1.0;
				PRODUCT_BUNDLE_IDENTIFIER = org.moviedemo.app.moviesSwiftUITests;
				PRODUCT_NAME = "$(TARGET_NAME)";
				SWIFT_EMIT_LOC_STRINGS = NO;
				SWIFT_VERSION = 5.0;
				TARGETED_DEVICE_FAMILY = "1,2";
				TEST_TARGET_NAME = moviesSwift;
			};
			name = Release;
		};
/* End XCBuildConfiguration section */

/* Begin XCConfigurationList section */
		8F7FE6A12EE061740097A525 /* Build configuration list for PBXProject "moviesSwift" */ = {
			isa = XCConfigurationList;
			buildConfigurations = (
				8F7FE6D22EE061760097A525 /* Debug */,
				8F7FE6D32EE061760097A525 /* Release */,
			);
			defaultConfigurationIsVisible = 0;
			defaultConfigurationName = Release;
		};
		8F7FE6CF2EE061760097A525 /* Build configuration list for PBXNativeTarget "moviesSwift" */ = {
			isa = XCConfigurationList;
			buildConfigurations = (
				8F7FE6D02EE061760097A525 /* Debug */,
				8F7FE6D12EE061760097A525 /* Release */,
			);
			defaultConfigurationIsVisible = 0;
			defaultConfigurationName = Release;
		};
		8F7FE6D42EE061760097A525 /* Build configuration list for PBXNativeTarget "moviesSwiftTests" */ = {
			isa = XCConfigurationList;
			buildConfigurations = (
				8F7FE6D52EE061760097A525 /* Debug */,
				8F7FE6D62EE061760097A525 /* Release */,
			);
			defaultConfigurationIsVisible = 0;
			defaultConfigurationName = Release;
		};
		8F7FE6D72EE061760097A525 /* Build configuration list for PBXNativeTarget "moviesSwiftUITests" */ = {
			isa = XCConfigurationList;
			buildConfigurations = (
				8F7FE6D82EE061760097A525 /* Debug */,
				8F7FE6D92EE061760097A525 /* Release */,
			);
			defaultConfigurationIsVisible = 0;
			defaultConfigurationName = Release;
		};
/* End XCConfigurationList section */

/* Begin XCRemoteSwiftPackageReference section */
		8F6ECA7D2EE09A7E00747ED1 /* XCRemoteSwiftPackageReference "Resolver" */ = {
			isa = XCRemoteSwiftPackageReference;
			repositoryURL = "https://github.com/hmlongco/Resolver";
			requirement = {
				kind = upToNextMajorVersion;
				minimumVersion = 1.5.1;
			};
		};
		8F9618712EE316B6000434AD /* XCRemoteSwiftPackageReference "realm-swift" */ = {
			isa = XCRemoteSwiftPackageReference;
			repositoryURL = "https://github.com/realm/realm-swift.git";
			requirement = {
				kind = upToNextMajorVersion;
				minimumVersion = 20.0.3;
			};
		};
/* End XCRemoteSwiftPackageReference section */

/* Begin XCSwiftPackageProductDependency section */
		8F6ECA7E2EE09A7E00747ED1 /* Resolver */ = {
			isa = XCSwiftPackageProductDependency;
			package = 8F6ECA7D2EE09A7E00747ED1 /* XCRemoteSwiftPackageReference "Resolver" */;
			productName = Resolver;
		};
		8F9618722EE316B6000434AD /* RealmSwift */ = {
			isa = XCSwiftPackageProductDependency;
			package = 8F9618712EE316B6000434AD /* XCRemoteSwiftPackageReference "realm-swift" */;
			productName = RealmSwift;
		};
/* End XCSwiftPackageProductDependency section */
	};
	rootObject = 8F7FE69E2EE061740097A525 /* Project object */;
}
